{
  "name": "C2PA_Browser_Integration",
  "lockfileVersion": 3,
  "requires": true,
  "packages": {
    "": {
      "dependencies": {
        "@contentauth/c2pa-web": "^0.7.0"
      }
    },
    "node_modules/@contentauth/c2pa-types": {
      "version": "0.4.3",
      "resolved": "https://registry.npmjs.org/@contentauth/c2pa-types/-/c2pa-types-0.4.3.tgz",
      "integrity": "sha512-uJJPpv8kS/wLaokb4lPGycyK9yf663H4Db/QDkdWuxxVM8d0UR4ZaIrJXWBeYO9M8gqH8JYJA/WBRkchboJWSQ=="
    },
    "node_modules/@contentauth/c2pa-wasm": {
      "version": "0.5.0",
      "resolved": "https://registry.npmjs.org/@contentauth/c2pa-wasm/-/c2pa-wasm-0.5.0.tgz",
      "integrity": "sha512-UedHh4Uhj4P9Y5EjRKVG+VZ1Ub/Nr7GiU8MRFxO1rpg6DmUEum12vZHahH/QRDWwQXn/6nq+9lW28Jxig+uQcA==",
      "license": "MIT"
    },
    "node_modules/@contentauth/c2pa-web": {
      "version": "0.7.0",
      "resolved": "https://registry.npmjs.org/@contentauth/c2pa-web/-/c2pa-web-0.7.0.tgz",
      "integrity": "sha512-tcPAKByxlZ7ffO4Jvir5AFwFRmG7DsQkAG+zrppe6bIKMBxLMraci/OZda/tJ4TOywXKgvmwhPzgAMagW3KRXA==",
      "license": "MIT",
      "dependencies": {
        "@contentauth/c2pa-types": "0.4.3",
        "@contentauth/c2pa-wasm": "0.5.0",
        "highgain": "^0.1.0",
        "ts-deepmerge": "^7.0.3"
      }
    },
    "node_modules/highgain": {
      "version": "0.1.0",
      "resolved": "https://registry.npmjs.org/highgain/-/highgain-0.1.0.tgz",
      "integrity": "sha512-Vw/g2upw4MYLZ9e95k79+idMoPFEKvTQVTce9LCDfI+T6AiG+SdiR4WDKszB1grQy0O+uhxd6cqbdi3VhECdbA==",
      "license": "ISC"
    },
    "node_modules/ts-deepmerge": {
      "version": "7.0.3",
      "resolved": "https://registry.npmjs.org/ts-deepmerge/-/ts-deepmerge-7.0.3.tgz",
      "integrity": "sha512-Du/ZW2RfwV/D4cmA5rXafYjBQVuvu4qGiEEla4EmEHVHgRdx68Gftx7i66jn2bzHPwSVZY36Ae6OuDn9el4ZKA==",
      "license": "ISC",
      "engines": {
        "node": ">=14.13.1"
      }
    }
  }
}
